
Microsoft Visual Studio Solution File, Format Version 12.00
# Visual Studio Version 17
VisualStudioVersion = 17.4.33205.214
MinimumVisualStudioVersion = 10.0.40219.1
Project("{FAE04EC0-301F-11D3-BF4B-00C04F79EFBC}") = "ProductMicroservice", "ProductMicroservice\ProductMicroservice.csproj", "{6A91473A-BD05-4BBC-AF07-3BC6F8628761}"
EndProject
Global
	GlobalSection(SolutionConfigurationPlatforms) = preSolution
		Debug|Any CPU = Debug|Any CPU
		Release|Any CPU = Release|Any CPU
	EndGlobalSection
	GlobalSection(ProjectConfigurationPlatforms) = postSolution
		{6A91473A-BD05-4BBC-AF07-3BC6F8628761}.Debug|Any CPU.ActiveCfg = Debug|Any CPU
		{6A91473A-BD05-4BBC-AF07-3BC6F8628761}.Debug|Any CPU.Build.0 = Debug|Any CPU
		{6A91473A-BD05-4BBC-AF07-3BC6F8628761}.Release|Any CPU.ActiveCfg = Release|Any CPU
		{6A91473A-BD05-4BBC-AF07-3BC6F8628761}.Release|Any CPU.Build.0 = Release|Any CPU
	EndGlobalSection
	GlobalSection(SolutionProperties) = preSolution
		HideSolutionNode = FALSE
	EndGlobalSection
	GlobalSection(ExtensibilityGlobals) = postSolution
		SolutionGuid = {C8BC14BB-B518-4C00-9126-97B3EA0F0ACA}
	EndGlobalSection
EndGlobal
